
Microsoft Visual Studio Solution File, Format Version 12.00
# Visual Studio Version 17
VisualStudioVersion = 17.0.31912.275
MinimumVisualStudioVersion = 10.0.40219.1
Project("{9A19103F-16F7-4668-BE54-9A1E7A4F7556}") = "M3u8Downloader", "M3u8Downloader\M3u8Downloader.csproj", "{1DDA419C-D7E6-453F-A2A1-85810323C1B4}"
EndProject
Global
	GlobalSection(SolutionConfigurationPlatforms) = preSolution
		Debug|Any CPU = Debug|Any CPU
		Release|Any CPU = Release|Any CPU
	EndGlobalSection
	GlobalSection(ProjectConfigurationPlatforms) = postSolution
		{1DDA419C-D7E6-453F-A2A1-85810323C1B4}.Debug|Any CPU.ActiveCfg = Debug|Any CPU
		{1DDA419C-D7E6-453F-A2A1-85810323C1B4}.Debug|Any CPU.Build.0 = Debug|Any CPU
		{1DDA419C-D7E6-453F-A2A1-85810323C1B4}.Release|Any CPU.ActiveCfg = Release|Any CPU
		{1DDA419C-D7E6-453F-A2A1-85810323C1B4}.Release|Any CPU.Build.0 = Release|Any CPU
	EndGlobalSection
	GlobalSection(SolutionProperties) = preSolution
		HideSolutionNode = FALSE
	EndGlobalSection
	GlobalSection(ExtensibilityGlobals) = postSolution
		SolutionGuid = {FB3B80CB-E18B-4514-B53A-88226A5A52A3}
	EndGlobalSection
EndGlobal
