
Microsoft Visual Studio Solution File, Format Version 12.00
# Visual Studio Version 17
VisualStudioVersion = 17.0.31912.275
MinimumVisualStudioVersion = 10.0.40219.1
Project("{FAE04EC0-301F-11D3-BF4B-00C04F79EFBC}") = "YtDownloader", "YtDownloader\YtDownloader.csproj", "{7861EAFF-56EE-4897-855A-5E158250DAAA}"
EndProject
Global
	GlobalSection(SolutionConfigurationPlatforms) = preSolution
		Debug|Any CPU = Debug|Any CPU
		Release|Any CPU = Release|Any CPU
	EndGlobalSection
	GlobalSection(ProjectConfigurationPlatforms) = postSolution
		{7861EAFF-56EE-4897-855A-5E158250DAAA}.Debug|Any CPU.ActiveCfg = Debug|Any CPU
		{7861EAFF-56EE-4897-855A-5E158250DAAA}.Debug|Any CPU.Build.0 = Debug|Any CPU
		{7861EAFF-56EE-4897-855A-5E158250DAAA}.Release|Any CPU.ActiveCfg = Release|Any CPU
		{7861EAFF-56EE-4897-855A-5E158250DAAA}.Release|Any CPU.Build.0 = Release|Any CPU
	EndGlobalSection
	GlobalSection(SolutionProperties) = preSolution
		HideSolutionNode = FALSE
	EndGlobalSection
	GlobalSection(ExtensibilityGlobals) = postSolution
		SolutionGuid = {5E770E04-65AC-4CB1-91B3-814374AF9AE7}
	EndGlobalSection
EndGlobal
